
Microsoft Visual Studio Solution File, Format Version 11.00
# Visual Studio 2010
Project("{FAE04EC0-301F-11D3-BF4B-00C04F79EFBC}") = "Jump Man", "Assembly-CSharp-firstpass.csproj", "{671020C5-55DC-E7CC-BEC3-DFA45A8C697C}"
EndProject
Project("{FAE04EC0-301F-11D3-BF4B-00C04F79EFBC}") = "Jump Man", "Assembly-CSharp.csproj", "{8B48CE78-4FAF-7802-608D-3475719F4C5E}"
EndProject
Global
	GlobalSection(SolutionConfigurationPlatforms) = preSolution
		Debug|Any CPU = Debug|Any CPU
		Release|Any CPU = Release|Any CPU
	EndGlobalSection
	GlobalSection(ProjectConfigurationPlatforms) = postSolution
		{671020C5-55DC-E7CC-BEC3-DFA45A8C697C}.Debug|Any CPU.ActiveCfg = Debug|Any CPU
		{671020C5-55DC-E7CC-BEC3-DFA45A8C697C}.Debug|Any CPU.Build.0 = Debug|Any CPU
		{671020C5-55DC-E7CC-BEC3-DFA45A8C697C}.Release|Any CPU.ActiveCfg = Release|Any CPU
		{671020C5-55DC-E7CC-BEC3-DFA45A8C697C}.Release|Any CPU.Build.0 = Release|Any CPU
		{8B48CE78-4FAF-7802-608D-3475719F4C5E}.Debug|Any CPU.ActiveCfg = Debug|Any CPU
		{8B48CE78-4FAF-7802-608D-3475719F4C5E}.Debug|Any CPU.Build.0 = Debug|Any CPU
		{8B48CE78-4FAF-7802-608D-3475719F4C5E}.Release|Any CPU.ActiveCfg = Release|Any CPU
		{8B48CE78-4FAF-7802-608D-3475719F4C5E}.Release|Any CPU.Build.0 = Release|Any CPU
	EndGlobalSection
	GlobalSection(SolutionProperties) = preSolution
		HideSolutionNode = FALSE
	EndGlobalSection
	GlobalSection(MonoDevelopProperties) = preSolution
		StartupItem = Assembly-CSharp.csproj
	EndGlobalSection
EndGlobal
